
Microsoft Visual Studio Solution File, Format Version 12.00
# Visual Studio Version 17
VisualStudioVersion = 17.10.35013.160
MinimumVisualStudioVersion = 10.0.40219.1
Project("{FAE04EC0-301F-11D3-BF4B-00C04F79EFBC}") = "BasicLoopsLab", "BasicLoopsLab\BasicLoopsLab.csproj", "{CEA391F4-4F30-4EA1-A515-BF12E10D4714}"
EndProject
Project("{FAE04EC0-301F-11D3-BF4B-00C04F79EFBC}") = "BasicLoopsLabCont", "BasicLoopsLabCont\BasicLoopsLabCont.csproj", "{B418F758-203F-4EDD-AB05-D7F96EBDD830}"
EndProject
Global
	GlobalSection(SolutionConfigurationPlatforms) = preSolution
		Debug|Any CPU = Debug|Any CPU
		Release|Any CPU = Release|Any CPU
	EndGlobalSection
	GlobalSection(ProjectConfigurationPlatforms) = postSolution
		{CEA391F4-4F30-4EA1-A515-BF12E10D4714}.Debug|Any CPU.ActiveCfg = Debug|Any CPU
		{CEA391F4-4F30-4EA1-A515-BF12E10D4714}.Debug|Any CPU.Build.0 = Debug|Any CPU
		{CEA391F4-4F30-4EA1-A515-BF12E10D4714}.Release|Any CPU.ActiveCfg = Release|Any CPU
		{CEA391F4-4F30-4EA1-A515-BF12E10D4714}.Release|Any CPU.Build.0 = Release|Any CPU
		{B418F758-203F-4EDD-AB05-D7F96EBDD830}.Debug|Any CPU.ActiveCfg = Debug|Any CPU
		{B418F758-203F-4EDD-AB05-D7F96EBDD830}.Debug|Any CPU.Build.0 = Debug|Any CPU
		{B418F758-203F-4EDD-AB05-D7F96EBDD830}.Release|Any CPU.ActiveCfg = Release|Any CPU
		{B418F758-203F-4EDD-AB05-D7F96EBDD830}.Release|Any CPU.Build.0 = Release|Any CPU
	EndGlobalSection
	GlobalSection(SolutionProperties) = preSolution
		HideSolutionNode = FALSE
	EndGlobalSection
	GlobalSection(ExtensibilityGlobals) = postSolution
		SolutionGuid = {826D37A6-FA63-43F9-88D5-5EFE99340D92}
	EndGlobalSection
EndGlobal
