
Microsoft Visual Studio Solution File, Format Version 12.00
# Visual Studio Version 17
VisualStudioVersion = 17.10.35013.160
MinimumVisualStudioVersion = 10.0.40219.1
Project("{FAE04EC0-301F-11D3-BF4B-00C04F79EFBC}") = "Day-2-Sample-Conditional-Project", "Day-2-Sample-Conditional-Project\Day-2-Sample-Conditional-Project.csproj", "{A3F8EBA0-BB4C-4C7A-ADC1-F557DB1EF1C8}"
EndProject
Global
	GlobalSection(SolutionConfigurationPlatforms) = preSolution
		Debug|Any CPU = Debug|Any CPU
		Release|Any CPU = Release|Any CPU
	EndGlobalSection
	GlobalSection(ProjectConfigurationPlatforms) = postSolution
		{A3F8EBA0-BB4C-4C7A-ADC1-F557DB1EF1C8}.Debug|Any CPU.ActiveCfg = Debug|Any CPU
		{A3F8EBA0-BB4C-4C7A-ADC1-F557DB1EF1C8}.Debug|Any CPU.Build.0 = Debug|Any CPU
		{A3F8EBA0-BB4C-4C7A-ADC1-F557DB1EF1C8}.Release|Any CPU.ActiveCfg = Release|Any CPU
		{A3F8EBA0-BB4C-4C7A-ADC1-F557DB1EF1C8}.Release|Any CPU.Build.0 = Release|Any CPU
	EndGlobalSection
	GlobalSection(SolutionProperties) = preSolution
		HideSolutionNode = FALSE
	EndGlobalSection
	GlobalSection(ExtensibilityGlobals) = postSolution
		SolutionGuid = {6D374443-554C-427C-873A-F49E714B348E}
	EndGlobalSection
EndGlobal
