
Microsoft Visual Studio Solution File, Format Version 12.00
# Visual Studio Version 17
VisualStudioVersion = 17.10.35013.160
MinimumVisualStudioVersion = 10.0.40219.1
Project("{FAE04EC0-301F-11D3-BF4B-00C04F79EFBC}") = "Exercise1_1", "Exercise1_1\Exercise1_1.csproj", "{4B2C3205-C0C3-4990-AD54-6E4C79AFD461}"
EndProject
Project("{FAE04EC0-301F-11D3-BF4B-00C04F79EFBC}") = "Exercise1_2", "Exercise1_2\Exercise1_2.csproj", "{9F9F1DC9-E691-4D54-9D4E-015D2551DFDF}"
EndProject
Project("{FAE04EC0-301F-11D3-BF4B-00C04F79EFBC}") = "Exercise1_3", "Exercise1_3\Exercise1_3.csproj", "{DE321124-0A9F-462F-B566-0E884F19B8F2}"
EndProject
Project("{FAE04EC0-301F-11D3-BF4B-00C04F79EFBC}") = "Exercise1_4", "Exercise1_4\Exercise1_4.csproj", "{0A1A1A01-8941-410D-AE2F-FBB2885D323F}"
EndProject
Project("{FAE04EC0-301F-11D3-BF4B-00C04F79EFBC}") = "Exercise1_5", "Exercise1_5\Exercise1_5.csproj", "{490C331D-FD59-45B1-856D-A089F040AD2A}"
EndProject
Project("{FAE04EC0-301F-11D3-BF4B-00C04F79EFBC}") = "Exercise1_6", "Exercise1_6\Exercise1_6.csproj", "{3DC26DC3-E509-4649-8A98-CB7384AF3E06}"
EndProject
Project("{FAE04EC0-301F-11D3-BF4B-00C04F79EFBC}") = "Exercise1_7", "Exercise1_7\Exercise1_7.csproj", "{12F32244-5D32-4922-AA56-318B2E8C0981}"
EndProject
Global
	GlobalSection(SolutionConfigurationPlatforms) = preSolution
		Debug|Any CPU = Debug|Any CPU
		Release|Any CPU = Release|Any CPU
	EndGlobalSection
	GlobalSection(ProjectConfigurationPlatforms) = postSolution
		{4B2C3205-C0C3-4990-AD54-6E4C79AFD461}.Debug|Any CPU.ActiveCfg = Debug|Any CPU
		{4B2C3205-C0C3-4990-AD54-6E4C79AFD461}.Debug|Any CPU.Build.0 = Debug|Any CPU
		{4B2C3205-C0C3-4990-AD54-6E4C79AFD461}.Release|Any CPU.ActiveCfg = Release|Any CPU
		{4B2C3205-C0C3-4990-AD54-6E4C79AFD461}.Release|Any CPU.Build.0 = Release|Any CPU
		{9F9F1DC9-E691-4D54-9D4E-015D2551DFDF}.Debug|Any CPU.ActiveCfg = Debug|Any CPU
		{9F9F1DC9-E691-4D54-9D4E-015D2551DFDF}.Debug|Any CPU.Build.0 = Debug|Any CPU
		{9F9F1DC9-E691-4D54-9D4E-015D2551DFDF}.Release|Any CPU.ActiveCfg = Release|Any CPU
		{9F9F1DC9-E691-4D54-9D4E-015D2551DFDF}.Release|Any CPU.Build.0 = Release|Any CPU
		{DE321124-0A9F-462F-B566-0E884F19B8F2}.Debug|Any CPU.ActiveCfg = Debug|Any CPU
		{DE321124-0A9F-462F-B566-0E884F19B8F2}.Debug|Any CPU.Build.0 = Debug|Any CPU
		{DE321124-0A9F-462F-B566-0E884F19B8F2}.Release|Any CPU.ActiveCfg = Release|Any CPU
		{DE321124-0A9F-462F-B566-0E884F19B8F2}.Release|Any CPU.Build.0 = Release|Any CPU
		{0A1A1A01-8941-410D-AE2F-FBB2885D323F}.Debug|Any CPU.ActiveCfg = Debug|Any CPU
		{0A1A1A01-8941-410D-AE2F-FBB2885D323F}.Debug|Any CPU.Build.0 = Debug|Any CPU
		{0A1A1A01-8941-410D-AE2F-FBB2885D323F}.Release|Any CPU.ActiveCfg = Release|Any CPU
		{0A1A1A01-8941-410D-AE2F-FBB2885D323F}.Release|Any CPU.Build.0 = Release|Any CPU
		{490C331D-FD59-45B1-856D-A089F040AD2A}.Debug|Any CPU.ActiveCfg = Debug|Any CPU
		{490C331D-FD59-45B1-856D-A089F040AD2A}.Debug|Any CPU.Build.0 = Debug|Any CPU
		{490C331D-FD59-45B1-856D-A089F040AD2A}.Release|Any CPU.ActiveCfg = Release|Any CPU
		{490C331D-FD59-45B1-856D-A089F040AD2A}.Release|Any CPU.Build.0 = Release|Any CPU
		{3DC26DC3-E509-4649-8A98-CB7384AF3E06}.Debug|Any CPU.ActiveCfg = Debug|Any CPU
		{3DC26DC3-E509-4649-8A98-CB7384AF3E06}.Debug|Any CPU.Build.0 = Debug|Any CPU
		{3DC26DC3-E509-4649-8A98-CB7384AF3E06}.Release|Any CPU.ActiveCfg = Release|Any CPU
		{3DC26DC3-E509-4649-8A98-CB7384AF3E06}.Release|Any CPU.Build.0 = Release|Any CPU
		{12F32244-5D32-4922-AA56-318B2E8C0981}.Debug|Any CPU.ActiveCfg = Debug|Any CPU
		{12F32244-5D32-4922-AA56-318B2E8C0981}.Debug|Any CPU.Build.0 = Debug|Any CPU
		{12F32244-5D32-4922-AA56-318B2E8C0981}.Release|Any CPU.ActiveCfg = Release|Any CPU
		{12F32244-5D32-4922-AA56-318B2E8C0981}.Release|Any CPU.Build.0 = Release|Any CPU
	EndGlobalSection
	GlobalSection(SolutionProperties) = preSolution
		HideSolutionNode = FALSE
	EndGlobalSection
	GlobalSection(ExtensibilityGlobals) = postSolution
		SolutionGuid = {1E38CA45-953B-4EE4-89E8-0A380D440429}
	EndGlobalSection
EndGlobal
